
Microsoft Visual Studio Solution File, Format Version 12.00
# Visual Studio Version 17
VisualStudioVersion = 17.9.34714.143
MinimumVisualStudioVersion = 10.0.40219.1
Project("{2150E333-8FDC-42A3-9474-1A3956D46DE8}") = "src", "src", "{B53FD4CD-31D8-4AFE-A843-4807BB25F726}"
EndProject
Project("{2150E333-8FDC-42A3-9474-1A3956D46DE8}") = "Domain Layer", "Domain Layer", "{B7BB58DB-7C9B-4150-B603-81C88A8BE567}"
EndProject
Project("{9A19103F-16F7-4668-BE54-9A1E7A4F7556}") = "Domain", "src\Domain\Domain.csproj", "{B87EEFE0-9192-449F-9897-B6C6623A323B}"
EndProject
Project("{2150E333-8FDC-42A3-9474-1A3956D46DE8}") = "Data Layer", "Data Layer", "{E0C92194-0BD6-4B41-A949-92B73284F532}"
EndProject
Project("{9A19103F-16F7-4668-BE54-9A1E7A4F7556}") = "Data", "src\Data\Data.csproj", "{703FF21D-C32D-45D3-8188-7033D8F1ED96}"
EndProject
Project("{2150E333-8FDC-42A3-9474-1A3956D46DE8}") = "Server Layer", "Server Layer", "{0BDD6947-0234-4038-A6C1-B3321C54E000}"
EndProject
Project("{9A19103F-16F7-4668-BE54-9A1E7A4F7556}") = "Server", "src\Server\Server.csproj", "{6AAE819D-C2BD-4547-A40F-74F46A4F2988}"
EndProject
Project("{2150E333-8FDC-42A3-9474-1A3956D46DE8}") = "Shared Layer", "Shared Layer", "{0DDC4D8B-1DE1-4E68-979F-CD6C879D51CD}"
EndProject
Project("{9A19103F-16F7-4668-BE54-9A1E7A4F7556}") = "Helper", "src\Helper\Helper.csproj", "{73561134-C6C1-4563-8801-094206A7ECD8}"
EndProject
Project("{2150E333-8FDC-42A3-9474-1A3956D46DE8}") = "Solution Items", "Solution Items", "{7CFB6B70-522A-46B4-A278-F8367A1A9810}"
	ProjectSection(SolutionItems) = preProject
		README.md = README.md
	EndProjectSection
EndProject
Project("{2150E333-8FDC-42A3-9474-1A3956D46DE8}") = "Libraries", "Libraries", "{B46E3D60-66E2-40B7-8B6B-187959699037}"
EndProject
Project("{9A19103F-16F7-4668-BE54-9A1E7A4F7556}") = "Dtat.Logging", "src\Shared\Libraries\Dtat.Logging\Dtat.Logging.csproj", "{7337D957-7B10-4CE6-AAF2-1061E947C552}"
EndProject
Project("{9A19103F-16F7-4668-BE54-9A1E7A4F7556}") = "Dtat.Logging.NLogAdapter", "src\Shared\Libraries\Dtat.Logging.NLogAdapter\Dtat.Logging.NLogAdapter.csproj", "{F4031DBF-7B9C-4167-861A-9B316BC369FD}"
EndProject
Project("{2150E333-8FDC-42A3-9474-1A3956D46DE8}") = "Test Layer", "Test Layer", "{43952EC5-477B-4517-A06B-E9201381ED32}"
EndProject
Project("{FAE04EC0-301F-11D3-BF4B-00C04F79EFBC}") = "Test", "src\Test\Test.csproj", "{0A72E403-052D-4D8C-A5A9-C668BF16EC08}"
EndProject
Global
	GlobalSection(SolutionConfigurationPlatforms) = preSolution
		Debug|Any CPU = Debug|Any CPU
		Release|Any CPU = Release|Any CPU
	EndGlobalSection
	GlobalSection(ProjectConfigurationPlatforms) = postSolution
		{B87EEFE0-9192-449F-9897-B6C6623A323B}.Debug|Any CPU.ActiveCfg = Debug|Any CPU
		{B87EEFE0-9192-449F-9897-B6C6623A323B}.Debug|Any CPU.Build.0 = Debug|Any CPU
		{B87EEFE0-9192-449F-9897-B6C6623A323B}.Release|Any CPU.ActiveCfg = Release|Any CPU
		{B87EEFE0-9192-449F-9897-B6C6623A323B}.Release|Any CPU.Build.0 = Release|Any CPU
		{703FF21D-C32D-45D3-8188-7033D8F1ED96}.Debug|Any CPU.ActiveCfg = Debug|Any CPU
		{703FF21D-C32D-45D3-8188-7033D8F1ED96}.Debug|Any CPU.Build.0 = Debug|Any CPU
		{703FF21D-C32D-45D3-8188-7033D8F1ED96}.Release|Any CPU.ActiveCfg = Release|Any CPU
		{703FF21D-C32D-45D3-8188-7033D8F1ED96}.Release|Any CPU.Build.0 = Release|Any CPU
		{6AAE819D-C2BD-4547-A40F-74F46A4F2988}.Debug|Any CPU.ActiveCfg = Debug|Any CPU
		{6AAE819D-C2BD-4547-A40F-74F46A4F2988}.Debug|Any CPU.Build.0 = Debug|Any CPU
		{6AAE819D-C2BD-4547-A40F-74F46A4F2988}.Release|Any CPU.ActiveCfg = Release|Any CPU
		{6AAE819D-C2BD-4547-A40F-74F46A4F2988}.Release|Any CPU.Build.0 = Release|Any CPU
		{73561134-C6C1-4563-8801-094206A7ECD8}.Debug|Any CPU.ActiveCfg = Debug|Any CPU
		{73561134-C6C1-4563-8801-094206A7ECD8}.Debug|Any CPU.Build.0 = Debug|Any CPU
		{73561134-C6C1-4563-8801-094206A7ECD8}.Release|Any CPU.ActiveCfg = Release|Any CPU
		{73561134-C6C1-4563-8801-094206A7ECD8}.Release|Any CPU.Build.0 = Release|Any CPU
		{7337D957-7B10-4CE6-AAF2-1061E947C552}.Debug|Any CPU.ActiveCfg = Debug|Any CPU
		{7337D957-7B10-4CE6-AAF2-1061E947C552}.Debug|Any CPU.Build.0 = Debug|Any CPU
		{7337D957-7B10-4CE6-AAF2-1061E947C552}.Release|Any CPU.ActiveCfg = Release|Any CPU
		{7337D957-7B10-4CE6-AAF2-1061E947C552}.Release|Any CPU.Build.0 = Release|Any CPU
		{F4031DBF-7B9C-4167-861A-9B316BC369FD}.Debug|Any CPU.ActiveCfg = Debug|Any CPU
		{F4031DBF-7B9C-4167-861A-9B316BC369FD}.Debug|Any CPU.Build.0 = Debug|Any CPU
		{F4031DBF-7B9C-4167-861A-9B316BC369FD}.Release|Any CPU.ActiveCfg = Release|Any CPU
		{F4031DBF-7B9C-4167-861A-9B316BC369FD}.Release|Any CPU.Build.0 = Release|Any CPU
		{0A72E403-052D-4D8C-A5A9-C668BF16EC08}.Debug|Any CPU.ActiveCfg = Debug|Any CPU
		{0A72E403-052D-4D8C-A5A9-C668BF16EC08}.Debug|Any CPU.Build.0 = Debug|Any CPU
		{0A72E403-052D-4D8C-A5A9-C668BF16EC08}.Release|Any CPU.ActiveCfg = Release|Any CPU
		{0A72E403-052D-4D8C-A5A9-C668BF16EC08}.Release|Any CPU.Build.0 = Release|Any CPU
	EndGlobalSection
	GlobalSection(SolutionProperties) = preSolution
		HideSolutionNode = FALSE
	EndGlobalSection
	GlobalSection(NestedProjects) = preSolution
		{B7BB58DB-7C9B-4150-B603-81C88A8BE567} = {B53FD4CD-31D8-4AFE-A843-4807BB25F726}
		{B87EEFE0-9192-449F-9897-B6C6623A323B} = {B7BB58DB-7C9B-4150-B603-81C88A8BE567}
		{E0C92194-0BD6-4B41-A949-92B73284F532} = {B53FD4CD-31D8-4AFE-A843-4807BB25F726}
		{703FF21D-C32D-45D3-8188-7033D8F1ED96} = {E0C92194-0BD6-4B41-A949-92B73284F532}
		{0BDD6947-0234-4038-A6C1-B3321C54E000} = {B53FD4CD-31D8-4AFE-A843-4807BB25F726}
		{6AAE819D-C2BD-4547-A40F-74F46A4F2988} = {0BDD6947-0234-4038-A6C1-B3321C54E000}
		{0DDC4D8B-1DE1-4E68-979F-CD6C879D51CD} = {B53FD4CD-31D8-4AFE-A843-4807BB25F726}
		{73561134-C6C1-4563-8801-094206A7ECD8} = {0DDC4D8B-1DE1-4E68-979F-CD6C879D51CD}
		{B46E3D60-66E2-40B7-8B6B-187959699037} = {0DDC4D8B-1DE1-4E68-979F-CD6C879D51CD}
		{7337D957-7B10-4CE6-AAF2-1061E947C552} = {B46E3D60-66E2-40B7-8B6B-187959699037}
		{F4031DBF-7B9C-4167-861A-9B316BC369FD} = {B46E3D60-66E2-40B7-8B6B-187959699037}
		{43952EC5-477B-4517-A06B-E9201381ED32} = {B53FD4CD-31D8-4AFE-A843-4807BB25F726}
		{0A72E403-052D-4D8C-A5A9-C668BF16EC08} = {43952EC5-477B-4517-A06B-E9201381ED32}
	EndGlobalSection
	GlobalSection(ExtensibilityGlobals) = postSolution
		SolutionGuid = {2B99CBA6-93AB-43FA-A04A-C990144A7684}
	EndGlobalSection
EndGlobal
